
Microsoft Visual Studio Solution File, Format Version 12.00
# Visual Studio Version 16
VisualStudioVersion = 16.0.30621.155
MinimumVisualStudioVersion = 10.0.40219.1
Project("{D954291E-2A0B-460D-934E-DC6B0785DB48}") = "UnoAmbientSounds.Shared", "UnoAmbientSounds\UnoAmbientSounds.Shared\UnoAmbientSounds.Shared.shproj", "{6279C845-92F8-4333-AB99-3D213163593C}"
EndProject
Project("{FAE04EC0-301F-11D3-BF4B-00C04F79EFBC}") = "UnoAmbientSounds.Droid", "UnoAmbientSounds\UnoAmbientSounds.Droid\UnoAmbientSounds.Droid.csproj", "{9E6FD4FC-D32C-4E82-82DC-1831607BBED1}"
EndProject
Project("{FAE04EC0-301F-11D3-BF4B-00C04F79EFBC}") = "UnoAmbientSounds.iOS", "UnoAmbientSounds\UnoAmbientSounds.iOS\UnoAmbientSounds.iOS.csproj", "{6FA5F374-31F0-4D93-A6F7-CE4F75CC6272}"
EndProject
Project("{FAE04EC0-301F-11D3-BF4B-00C04F79EFBC}") = "UnoAmbientSounds.UWP", "UnoAmbientSounds\UnoAmbientSounds.UWP\UnoAmbientSounds.UWP.csproj", "{3C4DDAD3-AD01-47D0-92F0-54A3784322BA}"
EndProject
Project("{9A19103F-16F7-4668-BE54-9A1E7A4F7556}") = "UnoAmbientSounds.Wasm", "UnoAmbientSounds\UnoAmbientSounds.Wasm\UnoAmbientSounds.Wasm.csproj", "{7261A96A-2677-4FED-A580-029D978A389E}"
EndProject
Project("{FAE04EC0-301F-11D3-BF4B-00C04F79EFBC}") = "UnoAmbientSounds.macOS", "UnoAmbientSounds\UnoAmbientSounds.macOS\UnoAmbientSounds.macOS.csproj", "{DC82ADD0-240A-41BC-8B6C-368298C739F7}"
EndProject
Project("{9A19103F-16F7-4668-BE54-9A1E7A4F7556}") = "UnoAmbientSounds.Skia.Wpf.Host", "UnoAmbientSounds\UnoAmbientSounds.Skia.Wpf.Host\UnoAmbientSounds.Skia.Wpf.Host.csproj", "{14371BD2-CF24-4165-B25D-FBAA8241424B}"
EndProject
Project("{9A19103F-16F7-4668-BE54-9A1E7A4F7556}") = "UnoAmbientSounds.Skia.Wpf", "UnoAmbientSounds\UnoAmbientSounds.Skia.Wpf\UnoAmbientSounds.Skia.Wpf.csproj", "{ACDFBD6D-B3A1-4B8A-A1FD-705F8832748C}"
EndProject
Project("{9A19103F-16F7-4668-BE54-9A1E7A4F7556}") = "UnoAmbientSounds.Skia.Gtk", "UnoAmbientSounds\UnoAmbientSounds.Skia.Gtk\UnoAmbientSounds.Skia.Gtk.csproj", "{2C6E6235-909E-425E-B1FF-FAC95D833D99}"
EndProject
Project("{9A19103F-16F7-4668-BE54-9A1E7A4F7556}") = "AmbientSounds", "UnoAmbientSounds\AmbientSounds\AmbientSounds.csproj", "{43697ECC-9176-4E57-B23E-DFBC45F95914}"
EndProject
Global
	GlobalSection(SharedMSBuildProjectFiles) = preSolution
		UnoAmbientSounds\UnoAmbientSounds.Shared\UnoAmbientSounds.Shared.projitems*{2c6e6235-909e-425e-b1ff-fac95d833d99}*SharedItemsImports = 5
		UnoAmbientSounds\UnoAmbientSounds.Shared\UnoAmbientSounds.Shared.projitems*{3c4ddad3-ad01-47d0-92f0-54a3784322ba}*SharedItemsImports = 4
		UnoAmbientSounds\UnoAmbientSounds.Shared\UnoAmbientSounds.Shared.projitems*{6279c845-92f8-4333-ab99-3d213163593c}*SharedItemsImports = 13
		UnoAmbientSounds\UnoAmbientSounds.Shared\UnoAmbientSounds.Shared.projitems*{6fa5f374-31f0-4d93-a6f7-ce4f75cc6272}*SharedItemsImports = 4
		UnoAmbientSounds\UnoAmbientSounds.Shared\UnoAmbientSounds.Shared.projitems*{7261a96a-2677-4fed-a580-029d978a389e}*SharedItemsImports = 5
		UnoAmbientSounds\UnoAmbientSounds.Shared\UnoAmbientSounds.Shared.projitems*{9e6fd4fc-d32c-4e82-82dc-1831607bbed1}*SharedItemsImports = 4
		UnoAmbientSounds\UnoAmbientSounds.Shared\UnoAmbientSounds.Shared.projitems*{acdfbd6d-b3a1-4b8a-a1fd-705f8832748c}*SharedItemsImports = 5
		UnoAmbientSounds\UnoAmbientSounds.Shared\UnoAmbientSounds.Shared.projitems*{dc82add0-240a-41bc-8b6c-368298c739f7}*SharedItemsImports = 4
	EndGlobalSection
	GlobalSection(SolutionConfigurationPlatforms) = preSolution
		Ad-Hoc|Any CPU = Ad-Hoc|Any CPU
		Ad-Hoc|ARM = Ad-Hoc|ARM
		Ad-Hoc|ARM64 = Ad-Hoc|ARM64
		Ad-Hoc|iPhone = Ad-Hoc|iPhone
		Ad-Hoc|iPhoneSimulator = Ad-Hoc|iPhoneSimulator
		Ad-Hoc|x64 = Ad-Hoc|x64
		Ad-Hoc|x86 = Ad-Hoc|x86
		AppStore|Any CPU = AppStore|Any CPU
		AppStore|ARM = AppStore|ARM
		AppStore|ARM64 = AppStore|ARM64
		AppStore|iPhone = AppStore|iPhone
		AppStore|iPhoneSimulator = AppStore|iPhoneSimulator
		AppStore|x64 = AppStore|x64
		AppStore|x86 = AppStore|x86
		Debug|Any CPU = Debug|Any CPU
		Debug|ARM = Debug|ARM
		Debug|ARM64 = Debug|ARM64
		Debug|iPhone = Debug|iPhone
		Debug|iPhoneSimulator = Debug|iPhoneSimulator
		Debug|x64 = Debug|x64
		Debug|x86 = Debug|x86
		Release|Any CPU = Release|Any CPU
		Release|ARM = Release|ARM
		Release|ARM64 = Release|ARM64
		Release|iPhone = Release|iPhone
		Release|iPhoneSimulator = Release|iPhoneSimulator
		Release|x64 = Release|x64
		Release|x86 = Release|x86
	EndGlobalSection
	GlobalSection(ProjectConfigurationPlatforms) = postSolution
		{9E6FD4FC-D32C-4E82-82DC-1831607BBED1}.Ad-Hoc|Any CPU.ActiveCfg = Debug|Any CPU
		{9E6FD4FC-D32C-4E82-82DC-1831607BBED1}.Ad-Hoc|Any CPU.Build.0 = Debug|Any CPU
		{9E6FD4FC-D32C-4E82-82DC-1831607BBED1}.Ad-Hoc|Any CPU.Deploy.0 = Debug|Any CPU
		{9E6FD4FC-D32C-4E82-82DC-1831607BBED1}.Ad-Hoc|ARM.ActiveCfg = Debug|Any CPU
		{9E6FD4FC-D32C-4E82-82DC-1831607BBED1}.Ad-Hoc|ARM.Build.0 = Debug|Any CPU
		{9E6FD4FC-D32C-4E82-82DC-1831607BBED1}.Ad-Hoc|ARM.Deploy.0 = Debug|Any CPU
		{9E6FD4FC-D32C-4E82-82DC-1831607BBED1}.Ad-Hoc|ARM64.ActiveCfg = Debug|Any CPU
		{9E6FD4FC-D32C-4E82-82DC-1831607BBED1}.Ad-Hoc|ARM64.Build.0 = Debug|Any CPU
		{9E6FD4FC-D32C-4E82-82DC-1831607BBED1}.Ad-Hoc|ARM64.Deploy.0 = Debug|Any CPU
		{9E6FD4FC-D32C-4E82-82DC-1831607BBED1}.Ad-Hoc|iPhone.ActiveCfg = Debug|Any CPU
		{9E6FD4FC-D32C-4E82-82DC-1831607BBED1}.Ad-Hoc|iPhone.Build.0 = Debug|Any CPU
		{9E6FD4FC-D32C-4E82-82DC-1831607BBED1}.Ad-Hoc|iPhone.Deploy.0 = Debug|Any CPU
		{9E6FD4FC-D32C-4E82-82DC-1831607BBED1}.Ad-Hoc|iPhoneSimulator.ActiveCfg = Debug|Any CPU
		{9E6FD4FC-D32C-4E82-82DC-1831607BBED1}.Ad-Hoc|iPhoneSimulator.Build.0 = Debug|Any CPU
		{9E6FD4FC-D32C-4E82-82DC-1831607BBED1}.Ad-Hoc|iPhoneSimulator.Deploy.0 = Debug|Any CPU
		{9E6FD4FC-D32C-4E82-82DC-1831607BBED1}.Ad-Hoc|x64.ActiveCfg = Debug|Any CPU
		{9E6FD4FC-D32C-4E82-82DC-1831607BBED1}.Ad-Hoc|x64.Build.0 = Debug|Any CPU
		{9E6FD4FC-D32C-4E82-82DC-1831607BBED1}.Ad-Hoc|x64.Deploy.0 = Debug|Any CPU
		{9E6FD4FC-D32C-4E82-82DC-1831607BBED1}.Ad-Hoc|x86.ActiveCfg = Debug|Any CPU
		{9E6FD4FC-D32C-4E82-82DC-1831607BBED1}.Ad-Hoc|x86.Build.0 = Debug|Any CPU
		{9E6FD4FC-D32C-4E82-82DC-1831607BBED1}.Ad-Hoc|x86.Deploy.0 = Debug|Any CPU
		{9E6FD4FC-D32C-4E82-82DC-1831607BBED1}.AppStore|Any CPU.ActiveCfg = Debug|Any CPU
		{9E6FD4FC-D32C-4E82-82DC-1831607BBED1}.AppStore|Any CPU.Build.0 = Debug|Any CPU
		{9E6FD4FC-D32C-4E82-82DC-1831607BBED1}.AppStore|Any CPU.Deploy.0 = Debug|Any CPU
		{9E6FD4FC-D32C-4E82-82DC-1831607BBED1}.AppStore|ARM.ActiveCfg = Debug|Any CPU
		{9E6FD4FC-D32C-4E82-82DC-1831607BBED1}.AppStore|ARM.Build.0 = Debug|Any CPU
		{9E6FD4FC-D32C-4E82-82DC-1831607BBED1}.AppStore|ARM.Deploy.0 = Debug|Any CPU
		{9E6FD4FC-D32C-4E82-82DC-1831607BBED1}.AppStore|ARM64.ActiveCfg = Debug|Any CPU
		{9E6FD4FC-D32C-4E82-82DC-1831607BBED1}.AppStore|ARM64.Build.0 = Debug|Any CPU
		{9E6FD4FC-D32C-4E82-82DC-1831607BBED1}.AppStore|ARM64.Deploy.0 = Debug|Any CPU
		{9E6FD4FC-D32C-4E82-82DC-1831607BBED1}.AppStore|iPhone.ActiveCfg = Debug|Any CPU
		{9E6FD4FC-D32C-4E82-82DC-1831607BBED1}.AppStore|iPhone.Build.0 = Debug|Any CPU
		{9E6FD4FC-D32C-4E82-82DC-1831607BBED1}.AppStore|iPhone.Deploy.0 = Debug|Any CPU
		{9E6FD4FC-D32C-4E82-82DC-1831607BBED1}.AppStore|iPhoneSimulator.ActiveCfg = Debug|Any CPU
		{9E6FD4FC-D32C-4E82-82DC-1831607BBED1}.AppStore|iPhoneSimulator.Build.0 = Debug|Any CPU
		{9E6FD4FC-D32C-4E82-82DC-1831607BBED1}.AppStore|iPhoneSimulator.Deploy.0 = Debug|Any CPU
		{9E6FD4FC-D32C-4E82-82DC-1831607BBED1}.AppStore|x64.ActiveCfg = Debug|Any CPU
		{9E6FD4FC-D32C-4E82-82DC-1831607BBED1}.AppStore|x64.Build.0 = Debug|Any CPU
		{9E6FD4FC-D32C-4E82-82DC-1831607BBED1}.AppStore|x64.Deploy.0 = Debug|Any CPU
		{9E6FD4FC-D32C-4E82-82DC-1831607BBED1}.AppStore|x86.ActiveCfg = Debug|Any CPU
		{9E6FD4FC-D32C-4E82-82DC-1831607BBED1}.AppStore|x86.Build.0 = Debug|Any CPU
		{9E6FD4FC-D32C-4E82-82DC-1831607BBED1}.AppStore|x86.Deploy.0 = Debug|Any CPU
		{9E6FD4FC-D32C-4E82-82DC-1831607BBED1}.Debug|Any CPU.ActiveCfg = Debug|Any CPU
		{9E6FD4FC-D32C-4E82-82DC-1831607BBED1}.Debug|Any CPU.Build.0 = Debug|Any CPU
		{9E6FD4FC-D32C-4E82-82DC-1831607BBED1}.Debug|Any CPU.Deploy.0 = Debug|Any CPU
		{9E6FD4FC-D32C-4E82-82DC-1831607BBED1}.Debug|ARM.ActiveCfg = Debug|Any CPU
		{9E6FD4FC-D32C-4E82-82DC-1831607BBED1}.Debug|ARM.Build.0 = Debug|Any CPU
		{9E6FD4FC-D32C-4E82-82DC-1831607BBED1}.Debug|ARM.Deploy.0 = Debug|Any CPU
		{9E6FD4FC-D32C-4E82-82DC-1831607BBED1}.Debug|ARM64.ActiveCfg = Debug|Any CPU
		{9E6FD4FC-D32C-4E82-82DC-1831607BBED1}.Debug|ARM64.Build.0 = Debug|Any CPU
		{9E6FD4FC-D32C-4E82-82DC-1831607BBED1}.Debug|ARM64.Deploy.0 = Debug|Any CPU
		{9E6FD4FC-D32C-4E82-82DC-1831607BBED1}.Debug|iPhone.ActiveCfg = Debug|Any CPU
		{9E6FD4FC-D32C-4E82-82DC-1831607BBED1}.Debug|iPhone.Build.0 = Debug|Any CPU
		{9E6FD4FC-D32C-4E82-82DC-1831607BBED1}.Debug|iPhone.Deploy.0 = Debug|Any CPU
		{9E6FD4FC-D32C-4E82-82DC-1831607BBED1}.Debug|iPhoneSimulator.ActiveCfg = Debug|Any CPU
		{9E6FD4FC-D32C-4E82-82DC-1831607BBED1}.Debug|iPhoneSimulator.Build.0 = Debug|Any CPU
		{9E6FD4FC-D32C-4E82-82DC-1831607BBED1}.Debug|iPhoneSimulator.Deploy.0 = Debug|Any CPU
		{9E6FD4FC-D32C-4E82-82DC-1831607BBED1}.Debug|x64.ActiveCfg = Debug|Any CPU
		{9E6FD4FC-D32C-4E82-82DC-1831607BBED1}.Debug|x64.Build.0 = Debug|Any CPU
		{9E6FD4FC-D32C-4E82-82DC-1831607BBED1}.Debug|x64.Deploy.0 = Debug|Any CPU
		{9E6FD4FC-D32C-4E82-82DC-1831607BBED1}.Debug|x86.ActiveCfg = Debug|Any CPU
		{9E6FD4FC-D32C-4E82-82DC-1831607BBED1}.Debug|x86.Build.0 = Debug|Any CPU
		{9E6FD4FC-D32C-4E82-82DC-1831607BBED1}.Debug|x86.Deploy.0 = Debug|Any CPU
		{9E6FD4FC-D32C-4E82-82DC-1831607BBED1}.Release|Any CPU.ActiveCfg = Release|Any CPU
		{9E6FD4FC-D32C-4E82-82DC-1831607BBED1}.Release|Any CPU.Build.0 = Release|Any CPU
		{9E6FD4FC-D32C-4E82-82DC-1831607BBED1}.Release|Any CPU.Deploy.0 = Release|Any CPU
		{9E6FD4FC-D32C-4E82-82DC-1831607BBED1}.Release|ARM.ActiveCfg = Release|Any CPU
		{9E6FD4FC-D32C-4E82-82DC-1831607BBED1}.Release|ARM.Build.0 = Release|Any CPU
		{9E6FD4FC-D32C-4E82-82DC-1831607BBED1}.Release|ARM.Deploy.0 = Release|Any CPU
		{9E6FD4FC-D32C-4E82-82DC-1831607BBED1}.Release|ARM64.ActiveCfg = Release|Any CPU
		{9E6FD4FC-D32C-4E82-82DC-1831607BBED1}.Release|ARM64.Build.0 = Release|Any CPU
		{9E6FD4FC-D32C-4E82-82DC-1831607BBED1}.Release|ARM64.Deploy.0 = Release|Any CPU
		{9E6FD4FC-D32C-4E82-82DC-1831607BBED1}.Release|iPhone.ActiveCfg = Release|Any CPU
		{9E6FD4FC-D32C-4E82-82DC-1831607BBED1}.Release|iPhone.Build.0 = Release|Any CPU
		{9E6FD4FC-D32C-4E82-82DC-1831607BBED1}.Release|iPhone.Deploy.0 = Release|Any CPU
		{9E6FD4FC-D32C-4E82-82DC-1831607BBED1}.Release|iPhoneSimulator.ActiveCfg = Release|Any CPU
		{9E6FD4FC-D32C-4E82-82DC-1831607BBED1}.Release|iPhoneSimulator.Build.0 = Release|Any CPU
		{9E6FD4FC-D32C-4E82-82DC-1831607BBED1}.Release|iPhoneSimulator.Deploy.0 = Release|Any CPU
		{9E6FD4FC-D32C-4E82-82DC-1831607BBED1}.Release|x64.ActiveCfg = Release|Any CPU
		{9E6FD4FC-D32C-4E82-82DC-1831607BBED1}.Release|x64.Build.0 = Release|Any CPU
		{9E6FD4FC-D32C-4E82-82DC-1831607BBED1}.Release|x64.Deploy.0 = Release|Any CPU
		{9E6FD4FC-D32C-4E82-82DC-1831607BBED1}.Release|x86.ActiveCfg = Release|Any CPU
		{9E6FD4FC-D32C-4E82-82DC-1831607BBED1}.Release|x86.Build.0 = Release|Any CPU
		{9E6FD4FC-D32C-4E82-82DC-1831607BBED1}.Release|x86.Deploy.0 = Release|Any CPU
		{6FA5F374-31F0-4D93-A6F7-CE4F75CC6272}.Ad-Hoc|Any CPU.ActiveCfg = Ad-Hoc|iPhoneSimulator
		{6FA5F374-31F0-4D93-A6F7-CE4F75CC6272}.Ad-Hoc|ARM.ActiveCfg = Ad-Hoc|iPhoneSimulator
		{6FA5F374-31F0-4D93-A6F7-CE4F75CC6272}.Ad-Hoc|ARM64.ActiveCfg = Ad-Hoc|iPhoneSimulator
		{6FA5F374-31F0-4D93-A6F7-CE4F75CC6272}.Ad-Hoc|iPhone.ActiveCfg = Ad-Hoc|iPhone
		{6FA5F374-31F0-4D93-A6F7-CE4F75CC6272}.Ad-Hoc|iPhone.Build.0 = Ad-Hoc|iPhone
		{6FA5F374-31F0-4D93-A6F7-CE4F75CC6272}.Ad-Hoc|iPhoneSimulator.ActiveCfg = Ad-Hoc|iPhoneSimulator
		{6FA5F374-31F0-4D93-A6F7-CE4F75CC6272}.Ad-Hoc|iPhoneSimulator.Build.0 = Ad-Hoc|iPhoneSimulator
		{6FA5F374-31F0-4D93-A6F7-CE4F75CC6272}.Ad-Hoc|x64.ActiveCfg = Ad-Hoc|iPhoneSimulator
		{6FA5F374-31F0-4D93-A6F7-CE4F75CC6272}.Ad-Hoc|x86.ActiveCfg = Ad-Hoc|iPhoneSimulator
		{6FA5F374-31F0-4D93-A6F7-CE4F75CC6272}.AppStore|Any CPU.ActiveCfg = AppStore|iPhoneSimulator
		{6FA5F374-31F0-4D93-A6F7-CE4F75CC6272}.AppStore|ARM.ActiveCfg = AppStore|iPhoneSimulator
		{6FA5F374-31F0-4D93-A6F7-CE4F75CC6272}.AppStore|ARM64.ActiveCfg = AppStore|iPhoneSimulator
		{6FA5F374-31F0-4D93-A6F7-CE4F75CC6272}.AppStore|iPhone.ActiveCfg = AppStore|iPhone
		{6FA5F374-31F0-4D93-A6F7-CE4F75CC6272}.AppStore|iPhone.Build.0 = AppStore|iPhone
		{6FA5F374-31F0-4D93-A6F7-CE4F75CC6272}.AppStore|iPhoneSimulator.ActiveCfg = AppStore|iPhoneSimulator
		{6FA5F374-31F0-4D93-A6F7-CE4F75CC6272}.AppStore|iPhoneSimulator.Build.0 = AppStore|iPhoneSimulator
		{6FA5F374-31F0-4D93-A6F7-CE4F75CC6272}.AppStore|x64.ActiveCfg = AppStore|iPhoneSimulator
		{6FA5F374-31F0-4D93-A6F7-CE4F75CC6272}.AppStore|x86.ActiveCfg = AppStore|iPhoneSimulator
		{6FA5F374-31F0-4D93-A6F7-CE4F75CC6272}.Debug|Any CPU.ActiveCfg = Debug|iPhoneSimulator
		{6FA5F374-31F0-4D93-A6F7-CE4F75CC6272}.Debug|ARM.ActiveCfg = Debug|iPhoneSimulator
		{6FA5F374-31F0-4D93-A6F7-CE4F75CC6272}.Debug|ARM64.ActiveCfg = Debug|iPhoneSimulator
		{6FA5F374-31F0-4D93-A6F7-CE4F75CC6272}.Debug|iPhone.ActiveCfg = Debug|iPhone
		{6FA5F374-31F0-4D93-A6F7-CE4F75CC6272}.Debug|iPhone.Build.0 = Debug|iPhone
		{6FA5F374-31F0-4D93-A6F7-CE4F75CC6272}.Debug|iPhoneSimulator.ActiveCfg = Debug|iPhoneSimulator
		{6FA5F374-31F0-4D93-A6F7-CE4F75CC6272}.Debug|iPhoneSimulator.Build.0 = Debug|iPhoneSimulator
		{6FA5F374-31F0-4D93-A6F7-CE4F75CC6272}.Debug|x64.ActiveCfg = Debug|iPhoneSimulator
		{6FA5F374-31F0-4D93-A6F7-CE4F75CC6272}.Debug|x86.ActiveCfg = Debug|iPhoneSimulator
		{6FA5F374-31F0-4D93-A6F7-CE4F75CC6272}.Release|Any CPU.ActiveCfg = Release|iPhoneSimulator
		{6FA5F374-31F0-4D93-A6F7-CE4F75CC6272}.Release|ARM.ActiveCfg = Release|iPhoneSimulator
		{6FA5F374-31F0-4D93-A6F7-CE4F75CC6272}.Release|ARM64.ActiveCfg = Release|iPhoneSimulator
		{6FA5F374-31F0-4D93-A6F7-CE4F75CC6272}.Release|iPhone.ActiveCfg = Release|iPhone
		{6FA5F374-31F0-4D93-A6F7-CE4F75CC6272}.Release|iPhone.Build.0 = Release|iPhone
		{6FA5F374-31F0-4D93-A6F7-CE4F75CC6272}.Release|iPhoneSimulator.ActiveCfg = Release|iPhoneSimulator
		{6FA5F374-31F0-4D93-A6F7-CE4F75CC6272}.Release|iPhoneSimulator.Build.0 = Release|iPhoneSimulator
		{6FA5F374-31F0-4D93-A6F7-CE4F75CC6272}.Release|x64.ActiveCfg = Release|iPhoneSimulator
		{6FA5F374-31F0-4D93-A6F7-CE4F75CC6272}.Release|x86.ActiveCfg = Release|iPhoneSimulator
		{3C4DDAD3-AD01-47D0-92F0-54A3784322BA}.Ad-Hoc|Any CPU.ActiveCfg = Debug|x86
		{3C4DDAD3-AD01-47D0-92F0-54A3784322BA}.Ad-Hoc|Any CPU.Build.0 = Debug|x86
		{3C4DDAD3-AD01-47D0-92F0-54A3784322BA}.Ad-Hoc|Any CPU.Deploy.0 = Debug|x86
		{3C4DDAD3-AD01-47D0-92F0-54A3784322BA}.Ad-Hoc|ARM.ActiveCfg = Debug|ARM
		{3C4DDAD3-AD01-47D0-92F0-54A3784322BA}.Ad-Hoc|ARM.Build.0 = Debug|ARM
		{3C4DDAD3-AD01-47D0-92F0-54A3784322BA}.Ad-Hoc|ARM.Deploy.0 = Debug|ARM
		{3C4DDAD3-AD01-47D0-92F0-54A3784322BA}.Ad-Hoc|ARM64.ActiveCfg = Debug|ARM64
		{3C4DDAD3-AD01-47D0-92F0-54A3784322BA}.Ad-Hoc|ARM64.Build.0 = Debug|ARM64
		{3C4DDAD3-AD01-47D0-92F0-54A3784322BA}.Ad-Hoc|ARM64.Deploy.0 = Debug|ARM64
		{3C4DDAD3-AD01-47D0-92F0-54A3784322BA}.Ad-Hoc|iPhone.ActiveCfg = Debug|x86
		{3C4DDAD3-AD01-47D0-92F0-54A3784322BA}.Ad-Hoc|iPhone.Build.0 = Debug|x86
		{3C4DDAD3-AD01-47D0-92F0-54A3784322BA}.Ad-Hoc|iPhone.Deploy.0 = Debug|x86
		{3C4DDAD3-AD01-47D0-92F0-54A3784322BA}.Ad-Hoc|iPhoneSimulator.ActiveCfg = Debug|x86
		{3C4DDAD3-AD01-47D0-92F0-54A3784322BA}.Ad-Hoc|iPhoneSimulator.Build.0 = Debug|x86
		{3C4DDAD3-AD01-47D0-92F0-54A3784322BA}.Ad-Hoc|iPhoneSimulator.Deploy.0 = Debug|x86
		{3C4DDAD3-AD01-47D0-92F0-54A3784322BA}.Ad-Hoc|x64.ActiveCfg = Debug|x64
		{3C4DDAD3-AD01-47D0-92F0-54A3784322BA}.Ad-Hoc|x64.Build.0 = Debug|x64
		{3C4DDAD3-AD01-47D0-92F0-54A3784322BA}.Ad-Hoc|x64.Deploy.0 = Debug|x64
		{3C4DDAD3-AD01-47D0-92F0-54A3784322BA}.Ad-Hoc|x86.ActiveCfg = Debug|x86
		{3C4DDAD3-AD01-47D0-92F0-54A3784322BA}.Ad-Hoc|x86.Build.0 = Debug|x86
		{3C4DDAD3-AD01-47D0-92F0-54A3784322BA}.Ad-Hoc|x86.Deploy.0 = Debug|x86
		{3C4DDAD3-AD01-47D0-92F0-54A3784322BA}.AppStore|Any CPU.ActiveCfg = Debug|x86
		{3C4DDAD3-AD01-47D0-92F0-54A3784322BA}.AppStore|Any CPU.Build.0 = Debug|x86
		{3C4DDAD3-AD01-47D0-92F0-54A3784322BA}.AppStore|Any CPU.Deploy.0 = Debug|x86
		{3C4DDAD3-AD01-47D0-92F0-54A3784322BA}.AppStore|ARM.ActiveCfg = Debug|ARM
		{3C4DDAD3-AD01-47D0-92F0-54A3784322BA}.AppStore|ARM.Build.0 = Debug|ARM
		{3C4DDAD3-AD01-47D0-92F0-54A3784322BA}.AppStore|ARM.Deploy.0 = Debug|ARM
		{3C4DDAD3-AD01-47D0-92F0-54A3784322BA}.AppStore|ARM64.ActiveCfg = Debug|ARM64
		{3C4DDAD3-AD01-47D0-92F0-54A3784322BA}.AppStore|ARM64.Build.0 = Debug|ARM64
		{3C4DDAD3-AD01-47D0-92F0-54A3784322BA}.AppStore|ARM64.Deploy.0 = Debug|ARM64
		{3C4DDAD3-AD01-47D0-92F0-54A3784322BA}.AppStore|iPhone.ActiveCfg = Debug|x86
		{3C4DDAD3-AD01-47D0-92F0-54A3784322BA}.AppStore|iPhone.Build.0 = Debug|x86
		{3C4DDAD3-AD01-47D0-92F0-54A3784322BA}.AppStore|iPhone.Deploy.0 = Debug|x86
		{3C4DDAD3-AD01-47D0-92F0-54A3784322BA}.AppStore|iPhoneSimulator.ActiveCfg = Debug|x86
		{3C4DDAD3-AD01-47D0-92F0-54A3784322BA}.AppStore|iPhoneSimulator.Build.0 = Debug|x86
		{3C4DDAD3-AD01-47D0-92F0-54A3784322BA}.AppStore|iPhoneSimulator.Deploy.0 = Debug|x86
		{3C4DDAD3-AD01-47D0-92F0-54A3784322BA}.AppStore|x64.ActiveCfg = Debug|x64
		{3C4DDAD3-AD01-47D0-92F0-54A3784322BA}.AppStore|x64.Build.0 = Debug|x64
		{3C4DDAD3-AD01-47D0-92F0-54A3784322BA}.AppStore|x64.Deploy.0 = Debug|x64
		{3C4DDAD3-AD01-47D0-92F0-54A3784322BA}.AppStore|x86.ActiveCfg = Debug|x86
		{3C4DDAD3-AD01-47D0-92F0-54A3784322BA}.AppStore|x86.Build.0 = Debug|x86
		{3C4DDAD3-AD01-47D0-92F0-54A3784322BA}.AppStore|x86.Deploy.0 = Debug|x86
		{3C4DDAD3-AD01-47D0-92F0-54A3784322BA}.Debug|Any CPU.ActiveCfg = Debug|x86
		{3C4DDAD3-AD01-47D0-92F0-54A3784322BA}.Debug|Any CPU.Build.0 = Debug|x86
		{3C4DDAD3-AD01-47D0-92F0-54A3784322BA}.Debug|Any CPU.Deploy.0 = Debug|x86
		{3C4DDAD3-AD01-47D0-92F0-54A3784322BA}.Debug|ARM.ActiveCfg = Debug|ARM
		{3C4DDAD3-AD01-47D0-92F0-54A3784322BA}.Debug|ARM.Build.0 = Debug|ARM
		{3C4DDAD3-AD01-47D0-92F0-54A3784322BA}.Debug|ARM.Deploy.0 = Debug|ARM
		{3C4DDAD3-AD01-47D0-92F0-54A3784322BA}.Debug|ARM64.ActiveCfg = Debug|ARM64
		{3C4DDAD3-AD01-47D0-92F0-54A3784322BA}.Debug|ARM64.Build.0 = Debug|ARM64
		{3C4DDAD3-AD01-47D0-92F0-54A3784322BA}.Debug|ARM64.Deploy.0 = Debug|ARM64
		{3C4DDAD3-AD01-47D0-92F0-54A3784322BA}.Debug|iPhone.ActiveCfg = Debug|x86
		{3C4DDAD3-AD01-47D0-92F0-54A3784322BA}.Debug|iPhoneSimulator.ActiveCfg = Debug|x86
		{3C4DDAD3-AD01-47D0-92F0-54A3784322BA}.Debug|x64.ActiveCfg = Debug|x64
		{3C4DDAD3-AD01-47D0-92F0-54A3784322BA}.Debug|x64.Build.0 = Debug|x64
		{3C4DDAD3-AD01-47D0-92F0-54A3784322BA}.Debug|x64.Deploy.0 = Debug|x64
		{3C4DDAD3-AD01-47D0-92F0-54A3784322BA}.Debug|x86.ActiveCfg = Debug|x86
		{3C4DDAD3-AD01-47D0-92F0-54A3784322BA}.Debug|x86.Build.0 = Debug|x86
		{3C4DDAD3-AD01-47D0-92F0-54A3784322BA}.Debug|x86.Deploy.0 = Debug|x86
		{3C4DDAD3-AD01-47D0-92F0-54A3784322BA}.Release|Any CPU.ActiveCfg = Release|x86
		{3C4DDAD3-AD01-47D0-92F0-54A3784322BA}.Release|ARM.ActiveCfg = Release|ARM
		{3C4DDAD3-AD01-47D0-92F0-54A3784322BA}.Release|ARM.Build.0 = Release|ARM
		{3C4DDAD3-AD01-47D0-92F0-54A3784322BA}.Release|ARM.Deploy.0 = Release|ARM
		{3C4DDAD3-AD01-47D0-92F0-54A3784322BA}.Release|ARM64.ActiveCfg = Release|ARM64
		{3C4DDAD3-AD01-47D0-92F0-54A3784322BA}.Release|ARM64.Build.0 = Release|ARM64
		{3C4DDAD3-AD01-47D0-92F0-54A3784322BA}.Release|ARM64.Deploy.0 = Release|ARM64
		{3C4DDAD3-AD01-47D0-92F0-54A3784322BA}.Release|iPhone.ActiveCfg = Release|x86
		{3C4DDAD3-AD01-47D0-92F0-54A3784322BA}.Release|iPhoneSimulator.ActiveCfg = Release|x86
		{3C4DDAD3-AD01-47D0-92F0-54A3784322BA}.Release|x64.ActiveCfg = Release|x64
		{3C4DDAD3-AD01-47D0-92F0-54A3784322BA}.Release|x64.Build.0 = Release|x64
		{3C4DDAD3-AD01-47D0-92F0-54A3784322BA}.Release|x64.Deploy.0 = Release|x64
		{3C4DDAD3-AD01-47D0-92F0-54A3784322BA}.Release|x86.ActiveCfg = Release|x86
		{3C4DDAD3-AD01-47D0-92F0-54A3784322BA}.Release|x86.Build.0 = Release|x86
		{3C4DDAD3-AD01-47D0-92F0-54A3784322BA}.Release|x86.Deploy.0 = Release|x86
		{7261A96A-2677-4FED-A580-029D978A389E}.Ad-Hoc|Any CPU.ActiveCfg = Release|Any CPU
		{7261A96A-2677-4FED-A580-029D978A389E}.Ad-Hoc|Any CPU.Build.0 = Release|Any CPU
		{7261A96A-2677-4FED-A580-029D978A389E}.Ad-Hoc|ARM.ActiveCfg = Release|Any CPU
		{7261A96A-2677-4FED-A580-029D978A389E}.Ad-Hoc|ARM.Build.0 = Release|Any CPU
		{7261A96A-2677-4FED-A580-029D978A389E}.Ad-Hoc|ARM64.ActiveCfg = Release|Any CPU
		{7261A96A-2677-4FED-A580-029D978A389E}.Ad-Hoc|ARM64.Build.0 = Release|Any CPU
		{7261A96A-2677-4FED-A580-029D978A389E}.Ad-Hoc|iPhone.ActiveCfg = Release|Any CPU
		{7261A96A-2677-4FED-A580-029D978A389E}.Ad-Hoc|iPhone.Build.0 = Release|Any CPU
		{7261A96A-2677-4FED-A580-029D978A389E}.Ad-Hoc|iPhoneSimulator.ActiveCfg = Release|Any CPU
		{7261A96A-2677-4FED-A580-029D978A389E}.Ad-Hoc|iPhoneSimulator.Build.0 = Release|Any CPU
		{7261A96A-2677-4FED-A580-029D978A389E}.Ad-Hoc|x64.ActiveCfg = Release|Any CPU
		{7261A96A-2677-4FED-A580-029D978A389E}.Ad-Hoc|x64.Build.0 = Release|Any CPU
		{7261A96A-2677-4FED-A580-029D978A389E}.Ad-Hoc|x86.ActiveCfg = Release|Any CPU
		{7261A96A-2677-4FED-A580-029D978A389E}.Ad-Hoc|x86.Build.0 = Release|Any CPU
		{7261A96A-2677-4FED-A580-029D978A389E}.AppStore|Any CPU.ActiveCfg = Release|Any CPU
		{7261A96A-2677-4FED-A580-029D978A389E}.AppStore|Any CPU.Build.0 = Release|Any CPU
		{7261A96A-2677-4FED-A580-029D978A389E}.AppStore|ARM.ActiveCfg = Release|Any CPU
		{7261A96A-2677-4FED-A580-029D978A389E}.AppStore|ARM.Build.0 = Release|Any CPU
		{7261A96A-2677-4FED-A580-029D978A389E}.AppStore|ARM64.ActiveCfg = Release|Any CPU
		{7261A96A-2677-4FED-A580-029D978A389E}.AppStore|ARM64.Build.0 = Release|Any CPU
		{7261A96A-2677-4FED-A580-029D978A389E}.AppStore|iPhone.ActiveCfg = Release|Any CPU
		{7261A96A-2677-4FED-A580-029D978A389E}.AppStore|iPhone.Build.0 = Release|Any CPU
		{7261A96A-2677-4FED-A580-029D978A389E}.AppStore|iPhoneSimulator.ActiveCfg = Release|Any CPU
		{7261A96A-2677-4FED-A580-029D978A389E}.AppStore|iPhoneSimulator.Build.0 = Release|Any CPU
		{7261A96A-2677-4FED-A580-029D978A389E}.AppStore|x64.ActiveCfg = Release|Any CPU
		{7261A96A-2677-4FED-A580-029D978A389E}.AppStore|x64.Build.0 = Release|Any CPU
		{7261A96A-2677-4FED-A580-029D978A389E}.AppStore|x86.ActiveCfg = Release|Any CPU
		{7261A96A-2677-4FED-A580-029D978A389E}.AppStore|x86.Build.0 = Release|Any CPU
		{7261A96A-2677-4FED-A580-029D978A389E}.Debug|Any CPU.ActiveCfg = Debug|Any CPU
		{7261A96A-2677-4FED-A580-029D978A389E}.Debug|Any CPU.Build.0 = Debug|Any CPU
		{7261A96A-2677-4FED-A580-029D978A389E}.Debug|ARM.ActiveCfg = Debug|Any CPU
		{7261A96A-2677-4FED-A580-029D978A389E}.Debug|ARM.Build.0 = Debug|Any CPU
		{7261A96A-2677-4FED-A580-029D978A389E}.Debug|ARM64.ActiveCfg = Debug|Any CPU
		{7261A96A-2677-4FED-A580-029D978A389E}.Debug|ARM64.Build.0 = Debug|Any CPU
		{7261A96A-2677-4FED-A580-029D978A389E}.Debug|iPhone.ActiveCfg = Debug|Any CPU
		{7261A96A-2677-4FED-A580-029D978A389E}.Debug|iPhone.Build.0 = Debug|Any CPU
		{7261A96A-2677-4FED-A580-029D978A389E}.Debug|iPhoneSimulator.ActiveCfg = Debug|Any CPU
		{7261A96A-2677-4FED-A580-029D978A389E}.Debug|iPhoneSimulator.Build.0 = Debug|Any CPU
		{7261A96A-2677-4FED-A580-029D978A389E}.Debug|x64.ActiveCfg = Debug|Any CPU
		{7261A96A-2677-4FED-A580-029D978A389E}.Debug|x64.Build.0 = Debug|Any CPU
		{7261A96A-2677-4FED-A580-029D978A389E}.Debug|x86.ActiveCfg = Debug|Any CPU
		{7261A96A-2677-4FED-A580-029D978A389E}.Debug|x86.Build.0 = Debug|Any CPU
		{7261A96A-2677-4FED-A580-029D978A389E}.Release|Any CPU.ActiveCfg = Release|Any CPU
		{7261A96A-2677-4FED-A580-029D978A389E}.Release|Any CPU.Build.0 = Release|Any CPU
		{7261A96A-2677-4FED-A580-029D978A389E}.Release|ARM.ActiveCfg = Release|Any CPU
		{7261A96A-2677-4FED-A580-029D978A389E}.Release|ARM.Build.0 = Release|Any CPU
		{7261A96A-2677-4FED-A580-029D978A389E}.Release|ARM64.ActiveCfg = Release|Any CPU
		{7261A96A-2677-4FED-A580-029D978A389E}.Release|ARM64.Build.0 = Release|Any CPU
		{7261A96A-2677-4FED-A580-029D978A389E}.Release|iPhone.ActiveCfg = Release|Any CPU
		{7261A96A-2677-4FED-A580-029D978A389E}.Release|iPhone.Build.0 = Release|Any CPU
		{7261A96A-2677-4FED-A580-029D978A389E}.Release|iPhoneSimulator.ActiveCfg = Release|Any CPU
		{7261A96A-2677-4FED-A580-029D978A389E}.Release|iPhoneSimulator.Build.0 = Release|Any CPU
		{7261A96A-2677-4FED-A580-029D978A389E}.Release|x64.ActiveCfg = Release|Any CPU
		{7261A96A-2677-4FED-A580-029D978A389E}.Release|x64.Build.0 = Release|Any CPU
		{7261A96A-2677-4FED-A580-029D978A389E}.Release|x86.ActiveCfg = Release|Any CPU
		{7261A96A-2677-4FED-A580-029D978A389E}.Release|x86.Build.0 = Release|Any CPU
		{DC82ADD0-240A-41BC-8B6C-368298C739F7}.Ad-Hoc|Any CPU.ActiveCfg = Debug|iPhoneSimulator
		{DC82ADD0-240A-41BC-8B6C-368298C739F7}.Ad-Hoc|Any CPU.Build.0 = Debug|iPhoneSimulator
		{DC82ADD0-240A-41BC-8B6C-368298C739F7}.Ad-Hoc|ARM.ActiveCfg = Debug|iPhoneSimulator
		{DC82ADD0-240A-41BC-8B6C-368298C739F7}.Ad-Hoc|ARM.Build.0 = Debug|iPhoneSimulator
		{DC82ADD0-240A-41BC-8B6C-368298C739F7}.Ad-Hoc|ARM64.ActiveCfg = Debug|iPhoneSimulator
		{DC82ADD0-240A-41BC-8B6C-368298C739F7}.Ad-Hoc|ARM64.Build.0 = Debug|iPhoneSimulator
		{DC82ADD0-240A-41BC-8B6C-368298C739F7}.Ad-Hoc|iPhone.ActiveCfg = Debug|iPhoneSimulator
		{DC82ADD0-240A-41BC-8B6C-368298C739F7}.Ad-Hoc|iPhone.Build.0 = Debug|iPhoneSimulator
		{DC82ADD0-240A-41BC-8B6C-368298C739F7}.Ad-Hoc|iPhoneSimulator.ActiveCfg = Debug|iPhoneSimulator
		{DC82ADD0-240A-41BC-8B6C-368298C739F7}.Ad-Hoc|iPhoneSimulator.Build.0 = Debug|iPhoneSimulator
		{DC82ADD0-240A-41BC-8B6C-368298C739F7}.Ad-Hoc|x64.ActiveCfg = Debug|iPhoneSimulator
		{DC82ADD0-240A-41BC-8B6C-368298C739F7}.Ad-Hoc|x64.Build.0 = Debug|iPhoneSimulator
		{DC82ADD0-240A-41BC-8B6C-368298C739F7}.Ad-Hoc|x86.ActiveCfg = Debug|iPhoneSimulator
		{DC82ADD0-240A-41BC-8B6C-368298C739F7}.Ad-Hoc|x86.Build.0 = Debug|iPhoneSimulator
		{DC82ADD0-240A-41BC-8B6C-368298C739F7}.AppStore|Any CPU.ActiveCfg = Debug|iPhoneSimulator
		{DC82ADD0-240A-41BC-8B6C-368298C739F7}.AppStore|Any CPU.Build.0 = Debug|iPhoneSimulator
		{DC82ADD0-240A-41BC-8B6C-368298C739F7}.AppStore|ARM.ActiveCfg = Debug|iPhoneSimulator
		{DC82ADD0-240A-41BC-8B6C-368298C739F7}.AppStore|ARM.Build.0 = Debug|iPhoneSimulator
		{DC82ADD0-240A-41BC-8B6C-368298C739F7}.AppStore|ARM64.ActiveCfg = Debug|iPhoneSimulator
		{DC82ADD0-240A-41BC-8B6C-368298C739F7}.AppStore|ARM64.Build.0 = Debug|iPhoneSimulator
		{DC82ADD0-240A-41BC-8B6C-368298C739F7}.AppStore|iPhone.ActiveCfg = Debug|iPhoneSimulator
		{DC82ADD0-240A-41BC-8B6C-368298C739F7}.AppStore|iPhone.Build.0 = Debug|iPhoneSimulator
		{DC82ADD0-240A-41BC-8B6C-368298C739F7}.AppStore|iPhoneSimulator.ActiveCfg = Debug|iPhoneSimulator
		{DC82ADD0-240A-41BC-8B6C-368298C739F7}.AppStore|iPhoneSimulator.Build.0 = Debug|iPhoneSimulator
		{DC82ADD0-240A-41BC-8B6C-368298C739F7}.AppStore|x64.ActiveCfg = Debug|iPhoneSimulator
		{DC82ADD0-240A-41BC-8B6C-368298C739F7}.AppStore|x64.Build.0 = Debug|iPhoneSimulator
		{DC82ADD0-240A-41BC-8B6C-368298C739F7}.AppStore|x86.ActiveCfg = Debug|iPhoneSimulator
		{DC82ADD0-240A-41BC-8B6C-368298C739F7}.AppStore|x86.Build.0 = Debug|iPhoneSimulator
		{DC82ADD0-240A-41BC-8B6C-368298C739F7}.Debug|Any CPU.ActiveCfg = Debug|iPhoneSimulator
		{DC82ADD0-240A-41BC-8B6C-368298C739F7}.Debug|ARM.ActiveCfg = Debug|iPhoneSimulator
		{DC82ADD0-240A-41BC-8B6C-368298C739F7}.Debug|ARM64.ActiveCfg = Debug|iPhoneSimulator
		{DC82ADD0-240A-41BC-8B6C-368298C739F7}.Debug|iPhone.ActiveCfg = Debug|iPhoneSimulator
		{DC82ADD0-240A-41BC-8B6C-368298C739F7}.Debug|iPhoneSimulator.ActiveCfg = Debug|iPhoneSimulator
		{DC82ADD0-240A-41BC-8B6C-368298C739F7}.Debug|iPhoneSimulator.Build.0 = Debug|iPhoneSimulator
		{DC82ADD0-240A-41BC-8B6C-368298C739F7}.Debug|x64.ActiveCfg = Debug|iPhoneSimulator
		{DC82ADD0-240A-41BC-8B6C-368298C739F7}.Debug|x86.ActiveCfg = Debug|iPhoneSimulator
		{DC82ADD0-240A-41BC-8B6C-368298C739F7}.Release|Any CPU.ActiveCfg = Release|iPhoneSimulator
		{DC82ADD0-240A-41BC-8B6C-368298C739F7}.Release|ARM.ActiveCfg = Release|iPhoneSimulator
		{DC82ADD0-240A-41BC-8B6C-368298C739F7}.Release|ARM64.ActiveCfg = Release|iPhoneSimulator
		{DC82ADD0-240A-41BC-8B6C-368298C739F7}.Release|iPhone.ActiveCfg = Release|iPhoneSimulator
		{DC82ADD0-240A-41BC-8B6C-368298C739F7}.Release|iPhoneSimulator.ActiveCfg = Release|iPhoneSimulator
		{DC82ADD0-240A-41BC-8B6C-368298C739F7}.Release|iPhoneSimulator.Build.0 = Release|iPhoneSimulator
		{DC82ADD0-240A-41BC-8B6C-368298C739F7}.Release|x64.ActiveCfg = Release|iPhoneSimulator
		{DC82ADD0-240A-41BC-8B6C-368298C739F7}.Release|x86.ActiveCfg = Release|iPhoneSimulator
		{14371BD2-CF24-4165-B25D-FBAA8241424B}.Ad-Hoc|Any CPU.ActiveCfg = Release|Any CPU
		{14371BD2-CF24-4165-B25D-FBAA8241424B}.Ad-Hoc|Any CPU.Build.0 = Release|Any CPU
		{14371BD2-CF24-4165-B25D-FBAA8241424B}.Ad-Hoc|ARM.ActiveCfg = Release|Any CPU
		{14371BD2-CF24-4165-B25D-FBAA8241424B}.Ad-Hoc|ARM.Build.0 = Release|Any CPU
		{14371BD2-CF24-4165-B25D-FBAA8241424B}.Ad-Hoc|ARM64.ActiveCfg = Release|Any CPU
		{14371BD2-CF24-4165-B25D-FBAA8241424B}.Ad-Hoc|ARM64.Build.0 = Release|Any CPU
		{14371BD2-CF24-4165-B25D-FBAA8241424B}.Ad-Hoc|iPhone.ActiveCfg = Release|Any CPU
		{14371BD2-CF24-4165-B25D-FBAA8241424B}.Ad-Hoc|iPhone.Build.0 = Release|Any CPU
		{14371BD2-CF24-4165-B25D-FBAA8241424B}.Ad-Hoc|iPhoneSimulator.ActiveCfg = Release|Any CPU
		{14371BD2-CF24-4165-B25D-FBAA8241424B}.Ad-Hoc|iPhoneSimulator.Build.0 = Release|Any CPU
		{14371BD2-CF24-4165-B25D-FBAA8241424B}.Ad-Hoc|x64.ActiveCfg = Release|Any CPU
		{14371BD2-CF24-4165-B25D-FBAA8241424B}.Ad-Hoc|x64.Build.0 = Release|Any CPU
		{14371BD2-CF24-4165-B25D-FBAA8241424B}.Ad-Hoc|x86.ActiveCfg = Release|Any CPU
		{14371BD2-CF24-4165-B25D-FBAA8241424B}.Ad-Hoc|x86.Build.0 = Release|Any CPU
		{14371BD2-CF24-4165-B25D-FBAA8241424B}.AppStore|Any CPU.ActiveCfg = Release|Any CPU
		{14371BD2-CF24-4165-B25D-FBAA8241424B}.AppStore|Any CPU.Build.0 = Release|Any CPU
		{14371BD2-CF24-4165-B25D-FBAA8241424B}.AppStore|ARM.ActiveCfg = Release|Any CPU
		{14371BD2-CF24-4165-B25D-FBAA8241424B}.AppStore|ARM.Build.0 = Release|Any CPU
		{14371BD2-CF24-4165-B25D-FBAA8241424B}.AppStore|ARM64.ActiveCfg = Release|Any CPU
		{14371BD2-CF24-4165-B25D-FBAA8241424B}.AppStore|ARM64.Build.0 = Release|Any CPU
		{14371BD2-CF24-4165-B25D-FBAA8241424B}.AppStore|iPhone.ActiveCfg = Release|Any CPU
		{14371BD2-CF24-4165-B25D-FBAA8241424B}.AppStore|iPhone.Build.0 = Release|Any CPU
		{14371BD2-CF24-4165-B25D-FBAA8241424B}.AppStore|iPhoneSimulator.ActiveCfg = Release|Any CPU
		{14371BD2-CF24-4165-B25D-FBAA8241424B}.AppStore|iPhoneSimulator.Build.0 = Release|Any CPU
		{14371BD2-CF24-4165-B25D-FBAA8241424B}.AppStore|x64.ActiveCfg = Release|Any CPU
		{14371BD2-CF24-4165-B25D-FBAA8241424B}.AppStore|x64.Build.0 = Release|Any CPU
		{14371BD2-CF24-4165-B25D-FBAA8241424B}.AppStore|x86.ActiveCfg = Release|Any CPU
		{14371BD2-CF24-4165-B25D-FBAA8241424B}.AppStore|x86.Build.0 = Release|Any CPU
		{14371BD2-CF24-4165-B25D-FBAA8241424B}.Debug|Any CPU.ActiveCfg = Debug|Any CPU
		{14371BD2-CF24-4165-B25D-FBAA8241424B}.Debug|Any CPU.Build.0 = Debug|Any CPU
		{14371BD2-CF24-4165-B25D-FBAA8241424B}.Debug|ARM.ActiveCfg = Debug|Any CPU
		{14371BD2-CF24-4165-B25D-FBAA8241424B}.Debug|ARM.Build.0 = Debug|Any CPU
		{14371BD2-CF24-4165-B25D-FBAA8241424B}.Debug|ARM64.ActiveCfg = Debug|Any CPU
		{14371BD2-CF24-4165-B25D-FBAA8241424B}.Debug|ARM64.Build.0 = Debug|Any CPU
		{14371BD2-CF24-4165-B25D-FBAA8241424B}.Debug|iPhone.ActiveCfg = Debug|Any CPU
		{14371BD2-CF24-4165-B25D-FBAA8241424B}.Debug|iPhone.Build.0 = Debug|Any CPU
		{14371BD2-CF24-4165-B25D-FBAA8241424B}.Debug|iPhoneSimulator.ActiveCfg = Debug|Any CPU
		{14371BD2-CF24-4165-B25D-FBAA8241424B}.Debug|iPhoneSimulator.Build.0 = Debug|Any CPU
		{14371BD2-CF24-4165-B25D-FBAA8241424B}.Debug|x64.ActiveCfg = Debug|Any CPU
		{14371BD2-CF24-4165-B25D-FBAA8241424B}.Debug|x64.Build.0 = Debug|Any CPU
		{14371BD2-CF24-4165-B25D-FBAA8241424B}.Debug|x86.ActiveCfg = Debug|Any CPU
		{14371BD2-CF24-4165-B25D-FBAA8241424B}.Debug|x86.Build.0 = Debug|Any CPU
		{14371BD2-CF24-4165-B25D-FBAA8241424B}.Release|Any CPU.ActiveCfg = Release|Any CPU
		{14371BD2-CF24-4165-B25D-FBAA8241424B}.Release|Any CPU.Build.0 = Release|Any CPU
		{14371BD2-CF24-4165-B25D-FBAA8241424B}.Release|ARM.ActiveCfg = Release|Any CPU
		{14371BD2-CF24-4165-B25D-FBAA8241424B}.Release|ARM.Build.0 = Release|Any CPU
		{14371BD2-CF24-4165-B25D-FBAA8241424B}.Release|ARM64.ActiveCfg = Release|Any CPU
		{14371BD2-CF24-4165-B25D-FBAA8241424B}.Release|ARM64.Build.0 = Release|Any CPU
		{14371BD2-CF24-4165-B25D-FBAA8241424B}.Release|iPhone.ActiveCfg = Release|Any CPU
		{14371BD2-CF24-4165-B25D-FBAA8241424B}.Release|iPhone.Build.0 = Release|Any CPU
		{14371BD2-CF24-4165-B25D-FBAA8241424B}.Release|iPhoneSimulator.ActiveCfg = Release|Any CPU
		{14371BD2-CF24-4165-B25D-FBAA8241424B}.Release|iPhoneSimulator.Build.0 = Release|Any CPU
		{14371BD2-CF24-4165-B25D-FBAA8241424B}.Release|x64.ActiveCfg = Release|Any CPU
		{14371BD2-CF24-4165-B25D-FBAA8241424B}.Release|x64.Build.0 = Release|Any CPU
		{14371BD2-CF24-4165-B25D-FBAA8241424B}.Release|x86.ActiveCfg = Release|Any CPU
		{14371BD2-CF24-4165-B25D-FBAA8241424B}.Release|x86.Build.0 = Release|Any CPU
		{ACDFBD6D-B3A1-4B8A-A1FD-705F8832748C}.Ad-Hoc|Any CPU.ActiveCfg = Release|Any CPU
		{ACDFBD6D-B3A1-4B8A-A1FD-705F8832748C}.Ad-Hoc|Any CPU.Build.0 = Release|Any CPU
		{ACDFBD6D-B3A1-4B8A-A1FD-705F8832748C}.Ad-Hoc|ARM.ActiveCfg = Release|Any CPU
		{ACDFBD6D-B3A1-4B8A-A1FD-705F8832748C}.Ad-Hoc|ARM.Build.0 = Release|Any CPU
		{ACDFBD6D-B3A1-4B8A-A1FD-705F8832748C}.Ad-Hoc|ARM64.ActiveCfg = Release|Any CPU
		{ACDFBD6D-B3A1-4B8A-A1FD-705F8832748C}.Ad-Hoc|ARM64.Build.0 = Release|Any CPU
		{ACDFBD6D-B3A1-4B8A-A1FD-705F8832748C}.Ad-Hoc|iPhone.ActiveCfg = Release|Any CPU
		{ACDFBD6D-B3A1-4B8A-A1FD-705F8832748C}.Ad-Hoc|iPhone.Build.0 = Release|Any CPU
		{ACDFBD6D-B3A1-4B8A-A1FD-705F8832748C}.Ad-Hoc|iPhoneSimulator.ActiveCfg = Release|Any CPU
		{ACDFBD6D-B3A1-4B8A-A1FD-705F8832748C}.Ad-Hoc|iPhoneSimulator.Build.0 = Release|Any CPU
		{ACDFBD6D-B3A1-4B8A-A1FD-705F8832748C}.Ad-Hoc|x64.ActiveCfg = Release|Any CPU
		{ACDFBD6D-B3A1-4B8A-A1FD-705F8832748C}.Ad-Hoc|x64.Build.0 = Release|Any CPU
		{ACDFBD6D-B3A1-4B8A-A1FD-705F8832748C}.Ad-Hoc|x86.ActiveCfg = Release|Any CPU
		{ACDFBD6D-B3A1-4B8A-A1FD-705F8832748C}.Ad-Hoc|x86.Build.0 = Release|Any CPU
		{ACDFBD6D-B3A1-4B8A-A1FD-705F8832748C}.AppStore|Any CPU.ActiveCfg = Release|Any CPU
		{ACDFBD6D-B3A1-4B8A-A1FD-705F8832748C}.AppStore|Any CPU.Build.0 = Release|Any CPU
		{ACDFBD6D-B3A1-4B8A-A1FD-705F8832748C}.AppStore|ARM.ActiveCfg = Release|Any CPU
		{ACDFBD6D-B3A1-4B8A-A1FD-705F8832748C}.AppStore|ARM.Build.0 = Release|Any CPU
		{ACDFBD6D-B3A1-4B8A-A1FD-705F8832748C}.AppStore|ARM64.ActiveCfg = Release|Any CPU
		{ACDFBD6D-B3A1-4B8A-A1FD-705F8832748C}.AppStore|ARM64.Build.0 = Release|Any CPU
		{ACDFBD6D-B3A1-4B8A-A1FD-705F8832748C}.AppStore|iPhone.ActiveCfg = Release|Any CPU
		{ACDFBD6D-B3A1-4B8A-A1FD-705F8832748C}.AppStore|iPhone.Build.0 = Release|Any CPU
		{ACDFBD6D-B3A1-4B8A-A1FD-705F8832748C}.AppStore|iPhoneSimulator.ActiveCfg = Release|Any CPU
		{ACDFBD6D-B3A1-4B8A-A1FD-705F8832748C}.AppStore|iPhoneSimulator.Build.0 = Release|Any CPU
		{ACDFBD6D-B3A1-4B8A-A1FD-705F8832748C}.AppStore|x64.ActiveCfg = Release|Any CPU
		{ACDFBD6D-B3A1-4B8A-A1FD-705F8832748C}.AppStore|x64.Build.0 = Release|Any CPU
		{ACDFBD6D-B3A1-4B8A-A1FD-705F8832748C}.AppStore|x86.ActiveCfg = Release|Any CPU
		{ACDFBD6D-B3A1-4B8A-A1FD-705F8832748C}.AppStore|x86.Build.0 = Release|Any CPU
		{ACDFBD6D-B3A1-4B8A-A1FD-705F8832748C}.Debug|Any CPU.ActiveCfg = Debug|Any CPU
		{ACDFBD6D-B3A1-4B8A-A1FD-705F8832748C}.Debug|Any CPU.Build.0 = Debug|Any CPU
		{ACDFBD6D-B3A1-4B8A-A1FD-705F8832748C}.Debug|ARM.ActiveCfg = Debug|Any CPU
		{ACDFBD6D-B3A1-4B8A-A1FD-705F8832748C}.Debug|ARM.Build.0 = Debug|Any CPU
		{ACDFBD6D-B3A1-4B8A-A1FD-705F8832748C}.Debug|ARM64.ActiveCfg = Debug|Any CPU
		{ACDFBD6D-B3A1-4B8A-A1FD-705F8832748C}.Debug|ARM64.Build.0 = Debug|Any CPU
		{ACDFBD6D-B3A1-4B8A-A1FD-705F8832748C}.Debug|iPhone.ActiveCfg = Debug|Any CPU
		{ACDFBD6D-B3A1-4B8A-A1FD-705F8832748C}.Debug|iPhone.Build.0 = Debug|Any CPU
		{ACDFBD6D-B3A1-4B8A-A1FD-705F8832748C}.Debug|iPhoneSimulator.ActiveCfg = Debug|Any CPU
		{ACDFBD6D-B3A1-4B8A-A1FD-705F8832748C}.Debug|iPhoneSimulator.Build.0 = Debug|Any CPU
		{ACDFBD6D-B3A1-4B8A-A1FD-705F8832748C}.Debug|x64.ActiveCfg = Debug|Any CPU
		{ACDFBD6D-B3A1-4B8A-A1FD-705F8832748C}.Debug|x64.Build.0 = Debug|Any CPU
		{ACDFBD6D-B3A1-4B8A-A1FD-705F8832748C}.Debug|x86.ActiveCfg = Debug|Any CPU
		{ACDFBD6D-B3A1-4B8A-A1FD-705F8832748C}.Debug|x86.Build.0 = Debug|Any CPU
		{ACDFBD6D-B3A1-4B8A-A1FD-705F8832748C}.Release|Any CPU.ActiveCfg = Release|Any CPU
		{ACDFBD6D-B3A1-4B8A-A1FD-705F8832748C}.Release|Any CPU.Build.0 = Release|Any CPU
		{ACDFBD6D-B3A1-4B8A-A1FD-705F8832748C}.Release|ARM.ActiveCfg = Release|Any CPU
		{ACDFBD6D-B3A1-4B8A-A1FD-705F8832748C}.Release|ARM.Build.0 = Release|Any CPU
		{ACDFBD6D-B3A1-4B8A-A1FD-705F8832748C}.Release|ARM64.ActiveCfg = Release|Any CPU
		{ACDFBD6D-B3A1-4B8A-A1FD-705F8832748C}.Release|ARM64.Build.0 = Release|Any CPU
		{ACDFBD6D-B3A1-4B8A-A1FD-705F8832748C}.Release|iPhone.ActiveCfg = Release|Any CPU
		{ACDFBD6D-B3A1-4B8A-A1FD-705F8832748C}.Release|iPhone.Build.0 = Release|Any CPU
		{ACDFBD6D-B3A1-4B8A-A1FD-705F8832748C}.Release|iPhoneSimulator.ActiveCfg = Release|Any CPU
		{ACDFBD6D-B3A1-4B8A-A1FD-705F8832748C}.Release|iPhoneSimulator.Build.0 = Release|Any CPU
		{ACDFBD6D-B3A1-4B8A-A1FD-705F8832748C}.Release|x64.ActiveCfg = Release|Any CPU
		{ACDFBD6D-B3A1-4B8A-A1FD-705F8832748C}.Release|x64.Build.0 = Release|Any CPU
		{ACDFBD6D-B3A1-4B8A-A1FD-705F8832748C}.Release|x86.ActiveCfg = Release|Any CPU
		{ACDFBD6D-B3A1-4B8A-A1FD-705F8832748C}.Release|x86.Build.0 = Release|Any CPU
		{2C6E6235-909E-425E-B1FF-FAC95D833D99}.Ad-Hoc|Any CPU.ActiveCfg = Release|Any CPU
		{2C6E6235-909E-425E-B1FF-FAC95D833D99}.Ad-Hoc|Any CPU.Build.0 = Release|Any CPU
		{2C6E6235-909E-425E-B1FF-FAC95D833D99}.Ad-Hoc|ARM.ActiveCfg = Release|Any CPU
		{2C6E6235-909E-425E-B1FF-FAC95D833D99}.Ad-Hoc|ARM.Build.0 = Release|Any CPU
		{2C6E6235-909E-425E-B1FF-FAC95D833D99}.Ad-Hoc|ARM64.ActiveCfg = Release|Any CPU
		{2C6E6235-909E-425E-B1FF-FAC95D833D99}.Ad-Hoc|ARM64.Build.0 = Release|Any CPU
		{2C6E6235-909E-425E-B1FF-FAC95D833D99}.Ad-Hoc|iPhone.ActiveCfg = Release|Any CPU
		{2C6E6235-909E-425E-B1FF-FAC95D833D99}.Ad-Hoc|iPhone.Build.0 = Release|Any CPU
		{2C6E6235-909E-425E-B1FF-FAC95D833D99}.Ad-Hoc|iPhoneSimulator.ActiveCfg = Release|Any CPU
		{2C6E6235-909E-425E-B1FF-FAC95D833D99}.Ad-Hoc|iPhoneSimulator.Build.0 = Release|Any CPU
		{2C6E6235-909E-425E-B1FF-FAC95D833D99}.Ad-Hoc|x64.ActiveCfg = Release|Any CPU
		{2C6E6235-909E-425E-B1FF-FAC95D833D99}.Ad-Hoc|x64.Build.0 = Release|Any CPU
		{2C6E6235-909E-425E-B1FF-FAC95D833D99}.Ad-Hoc|x86.ActiveCfg = Release|Any CPU
		{2C6E6235-909E-425E-B1FF-FAC95D833D99}.Ad-Hoc|x86.Build.0 = Release|Any CPU
		{2C6E6235-909E-425E-B1FF-FAC95D833D99}.AppStore|Any CPU.ActiveCfg = Release|Any CPU
		{2C6E6235-909E-425E-B1FF-FAC95D833D99}.AppStore|Any CPU.Build.0 = Release|Any CPU
		{2C6E6235-909E-425E-B1FF-FAC95D833D99}.AppStore|ARM.ActiveCfg = Release|Any CPU
		{2C6E6235-909E-425E-B1FF-FAC95D833D99}.AppStore|ARM.Build.0 = Release|Any CPU
		{2C6E6235-909E-425E-B1FF-FAC95D833D99}.AppStore|ARM64.ActiveCfg = Release|Any CPU
		{2C6E6235-909E-425E-B1FF-FAC95D833D99}.AppStore|ARM64.Build.0 = Release|Any CPU
		{2C6E6235-909E-425E-B1FF-FAC95D833D99}.AppStore|iPhone.ActiveCfg = Release|Any CPU
		{2C6E6235-909E-425E-B1FF-FAC95D833D99}.AppStore|iPhone.Build.0 = Release|Any CPU
		{2C6E6235-909E-425E-B1FF-FAC95D833D99}.AppStore|iPhoneSimulator.ActiveCfg = Release|Any CPU
		{2C6E6235-909E-425E-B1FF-FAC95D833D99}.AppStore|iPhoneSimulator.Build.0 = Release|Any CPU
		{2C6E6235-909E-425E-B1FF-FAC95D833D99}.AppStore|x64.ActiveCfg = Release|Any CPU
		{2C6E6235-909E-425E-B1FF-FAC95D833D99}.AppStore|x64.Build.0 = Release|Any CPU
		{2C6E6235-909E-425E-B1FF-FAC95D833D99}.AppStore|x86.ActiveCfg = Release|Any CPU
		{2C6E6235-909E-425E-B1FF-FAC95D833D99}.AppStore|x86.Build.0 = Release|Any CPU
		{2C6E6235-909E-425E-B1FF-FAC95D833D99}.Debug|Any CPU.ActiveCfg = Debug|Any CPU
		{2C6E6235-909E-425E-B1FF-FAC95D833D99}.Debug|Any CPU.Build.0 = Debug|Any CPU
		{2C6E6235-909E-425E-B1FF-FAC95D833D99}.Debug|ARM.ActiveCfg = Debug|Any CPU
		{2C6E6235-909E-425E-B1FF-FAC95D833D99}.Debug|ARM.Build.0 = Debug|Any CPU
		{2C6E6235-909E-425E-B1FF-FAC95D833D99}.Debug|ARM64.ActiveCfg = Debug|Any CPU
		{2C6E6235-909E-425E-B1FF-FAC95D833D99}.Debug|ARM64.Build.0 = Debug|Any CPU
		{2C6E6235-909E-425E-B1FF-FAC95D833D99}.Debug|iPhone.ActiveCfg = Debug|Any CPU
		{2C6E6235-909E-425E-B1FF-FAC95D833D99}.Debug|iPhone.Build.0 = Debug|Any CPU
		{2C6E6235-909E-425E-B1FF-FAC95D833D99}.Debug|iPhoneSimulator.ActiveCfg = Debug|Any CPU
		{2C6E6235-909E-425E-B1FF-FAC95D833D99}.Debug|iPhoneSimulator.Build.0 = Debug|Any CPU
		{2C6E6235-909E-425E-B1FF-FAC95D833D99}.Debug|x64.ActiveCfg = Debug|Any CPU
		{2C6E6235-909E-425E-B1FF-FAC95D833D99}.Debug|x64.Build.0 = Debug|Any CPU
		{2C6E6235-909E-425E-B1FF-FAC95D833D99}.Debug|x86.ActiveCfg = Debug|Any CPU
		{2C6E6235-909E-425E-B1FF-FAC95D833D99}.Debug|x86.Build.0 = Debug|Any CPU
		{2C6E6235-909E-425E-B1FF-FAC95D833D99}.Release|Any CPU.ActiveCfg = Release|Any CPU
		{2C6E6235-909E-425E-B1FF-FAC95D833D99}.Release|Any CPU.Build.0 = Release|Any CPU
		{2C6E6235-909E-425E-B1FF-FAC95D833D99}.Release|ARM.ActiveCfg = Release|Any CPU
		{2C6E6235-909E-425E-B1FF-FAC95D833D99}.Release|ARM.Build.0 = Release|Any CPU
		{2C6E6235-909E-425E-B1FF-FAC95D833D99}.Release|ARM64.ActiveCfg = Release|Any CPU
		{2C6E6235-909E-425E-B1FF-FAC95D833D99}.Release|ARM64.Build.0 = Release|Any CPU
		{2C6E6235-909E-425E-B1FF-FAC95D833D99}.Release|iPhone.ActiveCfg = Release|Any CPU
		{2C6E6235-909E-425E-B1FF-FAC95D833D99}.Release|iPhone.Build.0 = Release|Any CPU
		{2C6E6235-909E-425E-B1FF-FAC95D833D99}.Release|iPhoneSimulator.ActiveCfg = Release|Any CPU
		{2C6E6235-909E-425E-B1FF-FAC95D833D99}.Release|iPhoneSimulator.Build.0 = Release|Any CPU
		{2C6E6235-909E-425E-B1FF-FAC95D833D99}.Release|x64.ActiveCfg = Release|Any CPU
		{2C6E6235-909E-425E-B1FF-FAC95D833D99}.Release|x64.Build.0 = Release|Any CPU
		{2C6E6235-909E-425E-B1FF-FAC95D833D99}.Release|x86.ActiveCfg = Release|Any CPU
		{2C6E6235-909E-425E-B1FF-FAC95D833D99}.Release|x86.Build.0 = Release|Any CPU
		{43697ECC-9176-4E57-B23E-DFBC45F95914}.Ad-Hoc|Any CPU.ActiveCfg = Release|Any CPU
		{43697ECC-9176-4E57-B23E-DFBC45F95914}.Ad-Hoc|Any CPU.Build.0 = Release|Any CPU
		{43697ECC-9176-4E57-B23E-DFBC45F95914}.Ad-Hoc|ARM.ActiveCfg = Release|Any CPU
		{43697ECC-9176-4E57-B23E-DFBC45F95914}.Ad-Hoc|ARM.Build.0 = Release|Any CPU
		{43697ECC-9176-4E57-B23E-DFBC45F95914}.Ad-Hoc|ARM64.ActiveCfg = Release|Any CPU
		{43697ECC-9176-4E57-B23E-DFBC45F95914}.Ad-Hoc|ARM64.Build.0 = Release|Any CPU
		{43697ECC-9176-4E57-B23E-DFBC45F95914}.Ad-Hoc|iPhone.ActiveCfg = Release|Any CPU
		{43697ECC-9176-4E57-B23E-DFBC45F95914}.Ad-Hoc|iPhone.Build.0 = Release|Any CPU
		{43697ECC-9176-4E57-B23E-DFBC45F95914}.Ad-Hoc|iPhoneSimulator.ActiveCfg = Release|Any CPU
		{43697ECC-9176-4E57-B23E-DFBC45F95914}.Ad-Hoc|iPhoneSimulator.Build.0 = Release|Any CPU
		{43697ECC-9176-4E57-B23E-DFBC45F95914}.Ad-Hoc|x64.ActiveCfg = Release|Any CPU
		{43697ECC-9176-4E57-B23E-DFBC45F95914}.Ad-Hoc|x64.Build.0 = Release|Any CPU
		{43697ECC-9176-4E57-B23E-DFBC45F95914}.Ad-Hoc|x86.ActiveCfg = Release|Any CPU
		{43697ECC-9176-4E57-B23E-DFBC45F95914}.Ad-Hoc|x86.Build.0 = Release|Any CPU
		{43697ECC-9176-4E57-B23E-DFBC45F95914}.AppStore|Any CPU.ActiveCfg = Release|Any CPU
		{43697ECC-9176-4E57-B23E-DFBC45F95914}.AppStore|Any CPU.Build.0 = Release|Any CPU
		{43697ECC-9176-4E57-B23E-DFBC45F95914}.AppStore|ARM.ActiveCfg = Release|Any CPU
		{43697ECC-9176-4E57-B23E-DFBC45F95914}.AppStore|ARM.Build.0 = Release|Any CPU
		{43697ECC-9176-4E57-B23E-DFBC45F95914}.AppStore|ARM64.ActiveCfg = Release|Any CPU
		{43697ECC-9176-4E57-B23E-DFBC45F95914}.AppStore|ARM64.Build.0 = Release|Any CPU
		{43697ECC-9176-4E57-B23E-DFBC45F95914}.AppStore|iPhone.ActiveCfg = Release|Any CPU
		{43697ECC-9176-4E57-B23E-DFBC45F95914}.AppStore|iPhone.Build.0 = Release|Any CPU
		{43697ECC-9176-4E57-B23E-DFBC45F95914}.AppStore|iPhoneSimulator.ActiveCfg = Release|Any CPU
		{43697ECC-9176-4E57-B23E-DFBC45F95914}.AppStore|iPhoneSimulator.Build.0 = Release|Any CPU
		{43697ECC-9176-4E57-B23E-DFBC45F95914}.AppStore|x64.ActiveCfg = Release|Any CPU
		{43697ECC-9176-4E57-B23E-DFBC45F95914}.AppStore|x64.Build.0 = Release|Any CPU
		{43697ECC-9176-4E57-B23E-DFBC45F95914}.AppStore|x86.ActiveCfg = Release|Any CPU
		{43697ECC-9176-4E57-B23E-DFBC45F95914}.AppStore|x86.Build.0 = Release|Any CPU
		{43697ECC-9176-4E57-B23E-DFBC45F95914}.Debug|Any CPU.ActiveCfg = Debug|Any CPU
		{43697ECC-9176-4E57-B23E-DFBC45F95914}.Debug|Any CPU.Build.0 = Debug|Any CPU
		{43697ECC-9176-4E57-B23E-DFBC45F95914}.Debug|ARM.ActiveCfg = Debug|Any CPU
		{43697ECC-9176-4E57-B23E-DFBC45F95914}.Debug|ARM.Build.0 = Debug|Any CPU
		{43697ECC-9176-4E57-B23E-DFBC45F95914}.Debug|ARM64.ActiveCfg = Debug|Any CPU
		{43697ECC-9176-4E57-B23E-DFBC45F95914}.Debug|ARM64.Build.0 = Debug|Any CPU
		{43697ECC-9176-4E57-B23E-DFBC45F95914}.Debug|iPhone.ActiveCfg = Debug|Any CPU
		{43697ECC-9176-4E57-B23E-DFBC45F95914}.Debug|iPhone.Build.0 = Debug|Any CPU
		{43697ECC-9176-4E57-B23E-DFBC45F95914}.Debug|iPhoneSimulator.ActiveCfg = Debug|Any CPU
		{43697ECC-9176-4E57-B23E-DFBC45F95914}.Debug|iPhoneSimulator.Build.0 = Debug|Any CPU
		{43697ECC-9176-4E57-B23E-DFBC45F95914}.Debug|x64.ActiveCfg = Debug|Any CPU
		{43697ECC-9176-4E57-B23E-DFBC45F95914}.Debug|x64.Build.0 = Debug|Any CPU
		{43697ECC-9176-4E57-B23E-DFBC45F95914}.Debug|x86.ActiveCfg = Debug|Any CPU
		{43697ECC-9176-4E57-B23E-DFBC45F95914}.Debug|x86.Build.0 = Debug|Any CPU
		{43697ECC-9176-4E57-B23E-DFBC45F95914}.Release|Any CPU.ActiveCfg = Release|Any CPU
		{43697ECC-9176-4E57-B23E-DFBC45F95914}.Release|Any CPU.Build.0 = Release|Any CPU
		{43697ECC-9176-4E57-B23E-DFBC45F95914}.Release|ARM.ActiveCfg = Release|Any CPU
		{43697ECC-9176-4E57-B23E-DFBC45F95914}.Release|ARM.Build.0 = Release|Any CPU
		{43697ECC-9176-4E57-B23E-DFBC45F95914}.Release|ARM64.ActiveCfg = Release|Any CPU
		{43697ECC-9176-4E57-B23E-DFBC45F95914}.Release|ARM64.Build.0 = Release|Any CPU
		{43697ECC-9176-4E57-B23E-DFBC45F95914}.Release|iPhone.ActiveCfg = Release|Any CPU
		{43697ECC-9176-4E57-B23E-DFBC45F95914}.Release|iPhone.Build.0 = Release|Any CPU
		{43697ECC-9176-4E57-B23E-DFBC45F95914}.Release|iPhoneSimulator.ActiveCfg = Release|Any CPU
		{43697ECC-9176-4E57-B23E-DFBC45F95914}.Release|iPhoneSimulator.Build.0 = Release|Any CPU
		{43697ECC-9176-4E57-B23E-DFBC45F95914}.Release|x64.ActiveCfg = Release|Any CPU
		{43697ECC-9176-4E57-B23E-DFBC45F95914}.Release|x64.Build.0 = Release|Any CPU
		{43697ECC-9176-4E57-B23E-DFBC45F95914}.Release|x86.ActiveCfg = Release|Any CPU
		{43697ECC-9176-4E57-B23E-DFBC45F95914}.Release|x86.Build.0 = Release|Any CPU
	EndGlobalSection
	GlobalSection(SolutionProperties) = preSolution
		HideSolutionNode = FALSE
	EndGlobalSection
	GlobalSection(ExtensibilityGlobals) = postSolution
		SolutionGuid = {461F4E60-09FC-474A-A579-2CD4C001FC6E}
	EndGlobalSection
EndGlobal
